
Microsoft Visual Studio Solution File, Format Version 12.00
# Visual Studio Version 16
VisualStudioVersion = 16.0.32510.428
MinimumVisualStudioVersion = 10.0.40219.1
Project("{8BC9CEB8-8B4A-11D0-8D11-00A0C91BC942}") = "branch", "branch\branch.vcxproj", "{E32B5728-2042-49AC-9B54-BE91AE8DDE04}"
EndProject
Global
	GlobalSection(SolutionConfigurationPlatforms) = preSolution
		Debug|x64 = Debug|x64
		Debug|x86 = Debug|x86
		Release|x64 = Release|x64
		Release|x86 = Release|x86
	EndGlobalSection
	GlobalSection(ProjectConfigurationPlatforms) = postSolution
		{E32B5728-2042-49AC-9B54-BE91AE8DDE04}.Debug|x64.ActiveCfg = Debug|x64
		{E32B5728-2042-49AC-9B54-BE91AE8DDE04}.Debug|x64.Build.0 = Debug|x64
		{E32B5728-2042-49AC-9B54-BE91AE8DDE04}.Debug|x86.ActiveCfg = Debug|Win32
		{E32B5728-2042-49AC-9B54-BE91AE8DDE04}.Debug|x86.Build.0 = Debug|Win32
		{E32B5728-2042-49AC-9B54-BE91AE8DDE04}.Release|x64.ActiveCfg = Release|x64
		{E32B5728-2042-49AC-9B54-BE91AE8DDE04}.Release|x64.Build.0 = Release|x64
		{E32B5728-2042-49AC-9B54-BE91AE8DDE04}.Release|x86.ActiveCfg = Release|Win32
		{E32B5728-2042-49AC-9B54-BE91AE8DDE04}.Release|x86.Build.0 = Release|Win32
	EndGlobalSection
	GlobalSection(SolutionProperties) = preSolution
		HideSolutionNode = FALSE
	EndGlobalSection
	GlobalSection(ExtensibilityGlobals) = postSolution
		SolutionGuid = {418B9A3C-1399-48E1-814A-C8CF02D8DE8B}
	EndGlobalSection
EndGlobal
